// !$*UTF8*$!
{
	archiveVersion = 1;
	classes = {
	};
	objectVersion = 46;
	objects = {

/* Begin PBXBuildFile section */
		F45EB3BF1ED4BD5D00CC4428 /* AppDelegate.swift in Sources */ = {isa = PBXBuildFile; fileRef = F45EB3BE1ED4BD5D00CC4428 /* AppDelegate.swift */; };
		F45EB3C31ED4BD5D00CC4428 /* Assets.xcassets in Resources */ = {isa = PBXBuildFile; fileRef = F45EB3C21ED4BD5D00CC4428 /* Assets.xcassets */; };
		F45EB3C61ED4BD5D00CC4428 /* Main.storyboard in Resources */ = {isa = PBXBuildFile; fileRef = F45EB3C41ED4BD5D00CC4428 /* Main.storyboard */; };
/* End PBXBuildFile section */

/* Begin PBXFileReference section */
		F45EB3BB1ED4BD5D00CC4428 /* The Balls App.app */ = {isa = PBXFileReference; explicitFileType = wrapper.application; includeInIndex = 0; path = "The Balls App.app"; sourceTree = BUILT_PRODUCTS_DIR; };
		F45EB3BE1ED4BD5D00CC4428 /* AppDelegate.swift */ = {isa = PBXFileReference; lastKnownFileType = sourcecode.swift; path = AppDelegate.swift; sourceTree = "<group>"; };
		F45EB3C21ED4BD5D00CC4428 /* Assets.xcassets */ = {isa = PBXFileReference; lastKnownFileType = folder.assetcatalog; path = Assets.xcassets; sourceTree = "<group>"; };
		F45EB3C51ED4BD5D00CC4428 /* Base */ = {isa = PBXFileReference; lastKnownFileType = file.storyboard; name = Base; path = Base.lproj/Main.storyboard; sourceTree = "<group>"; };
		F45EB3C71ED4BD5D00CC4428 /* Info.plist */ = {isa = PBXFileReference; lastKnownFileType = text.plist.xml; path = Info.plist; sourceTree = "<group>"; };
/* End PBXFileReference section */

/* Begin PBXFrameworksBuildPhase section */
		F45EB3B81ED4BD5D00CC4428 /* Frameworks */ = {
			isa = PBXFrameworksBuildPhase;
			buildActionMask = 2147483647;
			files = (
			);
			runOnlyForDeploymentPostprocessing = 0;
		};
/* End PBXFrameworksBuildPhase section */

/* Begin PBXGroup section */
		F45EB3B21ED4BD5D00CC4428 = {
			isa = PBXGroup;
			children = (
				F45EB3BD1ED4BD5D00CC4428 /* The Balls App */,
				F45EB3BC1ED4BD5D00CC4428 /* Products */,
			);
			sourceTree = "<group>";
		};
		F45EB3BC1ED4BD5D00CC4428 /* Products */ = {
			isa = PBXGroup;
			children = (
				F45EB3BB1ED4BD5D00CC4428 /* The Balls App.app */,
			);
			name = Products;
			sourceTree = "<group>";
		};
		F45EB3BD1ED4BD5D00CC4428 /* The Balls App */ = {
			isa = PBXGroup;
			children = (
				F45EB3BE1ED4BD5D00CC4428 /* AppDelegate.swift */,
				F45EB3C21ED4BD5D00CC4428 /* Assets.xcassets */,
				F45EB3C41ED4BD5D00CC4428 /* Main.storyboard */,
				F45EB3C71ED4BD5D00CC4428 /* Info.plist */,
			);
			path = "The Balls App";
			sourceTree = "<group>";
		};
/* End PBXGroup section */

/* Begin PBXNativeTarget section */
		F45EB3BA1ED4BD5D00CC4428 /* The Balls App */ = {
			isa = PBXNativeTarget;
			buildConfigurationList = F45EB3CA1ED4BD5D00CC4428 /* Build configuration list for PBXNativeTarget "The Balls App" */;
			buildPhases = (
				F45EB3B71ED4BD5D00CC4428 /* Sources */,
				F45EB3B81ED4BD5D00CC4428 /* Frameworks */,
				F45EB3B91ED4BD5D00CC4428 /* Resources */,
			);
			buildRules = (
			);
			dependencies = (
			);
			name = "The Balls App";
			productName = "The Balls App";
			productReference = F45EB3BB1ED4BD5D00CC4428 /* The Balls App.app */;
			productType = "com.apple.product-type.application";
		};
/* End PBXNativeTarget section */

/* Begin PBXProject section */
		F45EB3B31ED4BD5D00CC4428 /* Project object */ = {
			isa = PBXProject;
			attributes = {
				LastSwiftUpdateCheck = 0830;
				LastUpgradeCheck = 0830;
				ORGANIZATIONNAME = simeg;
				TargetAttributes = {
					F45EB3BA1ED4BD5D00CC4428 = {
						CreatedOnToolsVersion = 8.3.2;
						ProvisioningStyle = Automatic;
					};
				};
			};
			buildConfigurationList = F45EB3B61ED4BD5D00CC4428 /* Build configuration list for PBXProject "The Balls App" */;
			compatibilityVersion = "Xcode 3.2";
			developmentRegion = English;
			hasScannedForEncodings = 0;
			knownRegions = (
				en,
				Base,
			);
			mainGroup = F45EB3B21ED4BD5D00CC4428;
			productRefGroup = F45EB3BC1ED4BD5D00CC4428 /* Products */;
			projectDirPath = "";
			projectRoot = "";
			targets = (
				F45EB3BA1ED4BD5D00CC4428 /* The Balls App */,
			);
		};
/* End PBXProject section */

/* Begin PBXResourcesBuildPhase section */
		F45EB3B91ED4BD5D00CC4428 /* Resources */ = {
			isa = PBXResourcesBuildPhase;
			buildActionMask = 2147483647;
			files = (
				F45EB3C31ED4BD5D00CC4428 /* Assets.xcassets in Resources */,
				F45EB3C61ED4BD5D00CC4428 /* Main.storyboard in Resources */,
			);
			runOnlyForDeploymentPostprocessing = 0;
		};
/* End PBXResourcesBuildPhase section */

/* Begin PBXSourcesBuildPhase section */
		F45EB3B71ED4BD5D00CC4428 /* Sources */ = {
			isa = PBXSourcesBuildPhase;
			buildActionMask = 2147483647;
			files = (
				F45EB3BF1ED4BD5D00CC4428 /* AppDelegate.swift in Sources */,
			);
			runOnlyForDeploymentPostprocessing = 0;
		};
/* End PBXSourcesBuildPhase section */

/* Begin PBXVariantGroup section */
		F45EB3C41ED4BD5D00CC4428 /* Main.storyboard */ = {
			isa = PBXVariantGroup;
			children = (
				F45EB3C51ED4BD5D00CC4428 /* Base */,
			);
			name = Main.storyboard;
			sourceTree = "<group>";
		};
/* End PBXVariantGroup section */

/* Begin XCBuildConfiguration section */
		F45EB3C81ED4BD5D00CC4428 /* Debug */ = {
			isa = XCBuildConfiguration;
			buildSettings = {
				ALWAYS_SEARCH_USER_PATHS = NO;
				CLANG_ANALYZER_NONNULL = YES;
				CLANG_ANALYZER_NUMBER_OBJECT_CONVERSION = YES_AGGRESSIVE;
				CLANG_CXX_LANGUAGE_STANDARD = "gnu++0x";
				CLANG_CXX_LIBRARY = "libc++";
				CLANG_ENABLE_MODULES = YES;
				CLANG_ENABLE_OBJC_ARC = YES;
				CLANG_WARN_BOOL_CONVERSION = YES;
				CLANG_WARN_CONSTANT_CONVERSION = YES;
				CLANG_WARN_DIRECT_OBJC_ISA_USAGE = YES_ERROR;
				CLANG_WARN_DOCUMENTATION_COMMENTS = YES;
				CLANG_WARN_EMPTY_BODY = YES;
				CLANG_WARN_ENUM_CONVERSION = YES;
				CLANG_WARN_INFINITE_RECURSION = YES;
				CLANG_WARN_INT_CONVERSION = YES;
				CLANG_WARN_OBJC_ROOT_CLASS = YES_ERROR;
				CLANG_WARN_SUSPICIOUS_MOVE = YES;
				CLANG_WARN_UNREACHABLE_CODE = YES;
				CLANG_WARN__DUPLICATE_METHOD_MATCH = YES;
				CODE_SIGN_IDENTITY = "-";
				COPY_PHASE_STRIP = NO;
				DEBUG_INFORMATION_FORMAT = dwarf;
				ENABLE_STRICT_OBJC_MSGSEND = YES;
				ENABLE_TESTABILITY = YES;
				GCC_C_LANGUAGE_STANDARD = gnu99;
				GCC_DYNAMIC_NO_PIC = NO;
				GCC_NO_COMMON_BLOCKS = YES;
				GCC_OPTIMIZATION_LEVEL = 0;
				GCC_PREPROCESSOR_DEFINITIONS = (
					"DEBUG=1",
					"$(inherited)",
				);
				GCC_WARN_64_TO_32_BIT_CONVERSION = YES;
				GCC_WARN_ABOUT_RETURN_TYPE = YES_ERROR;
				GCC_WARN_UNDECLARED_SELECTOR = YES;
				GCC_WARN_UNINITIALIZED_AUTOS = YES_AGGRESSIVE;
				GCC_WARN_UNUSED_FUNCTION = YES;
				GCC_WARN_UNUSED_VARIABLE = YES;
				MACOSX_DEPLOYMENT_TARGET = 10.12;
				MTL_ENABLE_DEBUG_INFO = YES;
				ONLY_ACTIVE_ARCH = YES;
				SDKROOT = macosx;
				SWIFT_ACTIVE_COMPILATION_CONDITIONS = DEBUG;
				SWIFT_OPTIMIZATION_LEVEL = "-Onone";
			};
			name = Debug;
		};
		F45EB3C91ED4BD5D00CC4428 /* Release */ = {
			isa = XCBuildConfiguration;
			buildSettings = {
				ALWAYS_SEARCH_USER_PATHS = NO;
				CLANG_ANALYZER_NONNULL = YES;
				CLANG_ANALYZER_NUMBER_OBJECT_CONVERSION = YES_AGGRESSIVE;
				CLANG_CXX_LANGUAGE_STANDARD = "gnu++0x";
				CLANG_CXX_LIBRARY = "libc++";
				CLANG_ENABLE_MODULES = YES;
				CLANG_ENABLE_OBJC_ARC = YES;
				CLANG_WARN_BOOL_CONVERSION = YES;
				CLANG_WARN_CONSTANT_CONVERSION = YES;
				CLANG_WARN_DIRECT_OBJC_ISA_USAGE = YES_ERROR;
				CLANG_WARN_DOCUMENTATION_COMMENTS = YES;
				CLANG_WARN_EMPTY_BODY = YES;
				CLANG_WARN_ENUM_CONVERSION = YES;
				CLANG_WARN_INFINITE_RECURSION = YES;
				CLANG_WARN_INT_CONVERSION = YES;
				CLANG_WARN_OBJC_ROOT_CLASS = YES_ERROR;
				CLANG_WARN_SUSPICIOUS_MOVE = YES;
				CLANG_WARN_UNREACHABLE_CODE = YES;
				CLANG_WARN__DUPLICATE_METHOD_MATCH = YES;
				CODE_SIGN_IDENTITY = "-";
				COPY_PHASE_STRIP = NO;
				DEBUG_INFORMATION_FORMAT = "dwarf-with-dsym";
				ENABLE_NS_ASSERTIONS = NO;
				ENABLE_STRICT_OBJC_MSGSEND = YES;
				GCC_C_LANGUAGE_STANDARD = gnu99;
				GCC_NO_COMMON_BLOCKS = YES;
				GCC_WARN_64_TO_32_BIT_CONVERSION = YES;
				GCC_WARN_ABOUT_RETURN_TYPE = YES_ERROR;
				GCC_WARN_UNDECLARED_SELECTOR = YES;
				GCC_WARN_UNINITIALIZED_AUTOS = YES_AGGRESSIVE;
				GCC_WARN_UNUSED_FUNCTION = YES;
				GCC_WARN_UNUSED_VARIABLE = YES;
				MACOSX_DEPLOYMENT_TARGET = 10.12;
				MTL_ENABLE_DEBUG_INFO = NO;
				SDKROOT = macosx;
				SWIFT_OPTIMIZATION_LEVEL = "-Owholemodule";
			};
			name = Release;
		};
		F45EB3CB1ED4BD5D00CC4428 /* Debug */ = {
			isa = XCBuildConfiguration;
			buildSettings = {
				ASSETCATALOG_COMPILER_APPICON_NAME = AppIcon;
				COMBINE_HIDPI_IMAGES = YES;
				INFOPLIST_FILE = "The Balls App/Info.plist";
				LD_RUNPATH_SEARCH_PATHS = "$(inherited) @executable_path/../Frameworks";
				PRODUCT_BUNDLE_IDENTIFIER = "simeg.The-Balls-App";
				PRODUCT_NAME = "$(TARGET_NAME)";
				SWIFT_VERSION = 3.0;
			};
			name = Debug;
		};
		F45EB3CC1ED4BD5D00CC4428 /* Release */ = {
			isa = XCBuildConfiguration;
			buildSettings = {
				ASSETCATALOG_COMPILER_APPICON_NAME = AppIcon;
				COMBINE_HIDPI_IMAGES = YES;
				INFOPLIST_FILE = "The Balls App/Info.plist";
				LD_RUNPATH_SEARCH_PATHS = "$(inherited) @executable_path/../Frameworks";
				PRODUCT_BUNDLE_IDENTIFIER = "simeg.The-Balls-App";
				PRODUCT_NAME = "$(TARGET_NAME)";
				SWIFT_VERSION = 3.0;
			};
			name = Release;
		};
/* End XCBuildConfiguration section */

/* Begin XCConfigurationList section */
		F45EB3B61ED4BD5D00CC4428 /* Build configuration list for PBXProject "The Balls App" */ = {
			isa = XCConfigurationList;
			buildConfigurations = (
				F45EB3C81ED4BD5D00CC4428 /* Debug */,
				F45EB3C91ED4BD5D00CC4428 /* Release */,
			);
			defaultConfigurationIsVisible = 0;
			defaultConfigurationName = Release;
		};
		F45EB3CA1ED4BD5D00CC4428 /* Build configuration list for PBXNativeTarget "The Balls App" */ = {
			isa = XCConfigurationList;
			buildConfigurations = (
				F45EB3CB1ED4BD5D00CC4428 /* Debug */,
				F45EB3CC1ED4BD5D00CC4428 /* Release */,
			);
			defaultConfigurationIsVisible = 0;
		};
/* End XCConfigurationList section */
	};
	rootObject = F45EB3B31ED4BD5D00CC4428 /* Project object */;
}
